
Microsoft Visual Studio Solution File, Format Version 12.00
# Visual Studio Version 17
VisualStudioVersion = 17.6.33815.320
MinimumVisualStudioVersion = 10.0.40219.1
Project("{FAE04EC0-301F-11D3-BF4B-00C04F79EFBC}") = "BookFactoryProject", "BookFactoryProject\BookFactoryProject.csproj", "{CF6ED4E0-EED4-45AF-8076-28BFDFC94C66}"
EndProject
Global
	GlobalSection(SolutionConfigurationPlatforms) = preSolution
		Debug|Any CPU = Debug|Any CPU
		Release|Any CPU = Release|Any CPU
	EndGlobalSection
	GlobalSection(ProjectConfigurationPlatforms) = postSolution
		{CF6ED4E0-EED4-45AF-8076-28BFDFC94C66}.Debug|Any CPU.ActiveCfg = Debug|Any CPU
		{CF6ED4E0-EED4-45AF-8076-28BFDFC94C66}.Debug|Any CPU.Build.0 = Debug|Any CPU
		{CF6ED4E0-EED4-45AF-8076-28BFDFC94C66}.Release|Any CPU.ActiveCfg = Release|Any CPU
		{CF6ED4E0-EED4-45AF-8076-28BFDFC94C66}.Release|Any CPU.Build.0 = Release|Any CPU
	EndGlobalSection
	GlobalSection(SolutionProperties) = preSolution
		HideSolutionNode = FALSE
	EndGlobalSection
	GlobalSection(ExtensibilityGlobals) = postSolution
		SolutionGuid = {396D6E34-81F7-476C-86C1-F0E79AE9EB35}
	EndGlobalSection
EndGlobal
